
Microsoft Visual Studio Solution File, Format Version 9.00
# Visual Studio 2005
Project("{FAE04EC0-301F-11D3-BF4B-00C04F79EFBC}") = "SMARTS_Excel", "SMARTS_Excel\SMARTS_Excel.csproj", "{94D9B7DC-61CA-4EB0-A2E3-C31EAA7884A2}"
EndProject
Global
	GlobalSection(SourceCodeControl) = preSolution
		SccNumberOfProjects = 2
		SccLocalPath0 = .
		CanCheckoutShared = true
		SccProjectUniqueName1 = SMARTS_Excel\\SMARTS_Excel.csproj
		SccLocalPath1 = .
		CanCheckoutShared = true
		SccProjectFilePathRelativizedFromConnection1 = SMARTS_Excel\\
	EndGlobalSection
	GlobalSection(SolutionConfigurationPlatforms) = preSolution
		Debug|Any CPU = Debug|Any CPU
		Release|Any CPU = Release|Any CPU
	EndGlobalSection
	GlobalSection(ProjectConfigurationPlatforms) = postSolution
		{94D9B7DC-61CA-4EB0-A2E3-C31EAA7884A2}.Debug|Any CPU.ActiveCfg = Debug|Any CPU
		{94D9B7DC-61CA-4EB0-A2E3-C31EAA7884A2}.Debug|Any CPU.Build.0 = Debug|Any CPU
		{94D9B7DC-61CA-4EB0-A2E3-C31EAA7884A2}.Release|Any CPU.ActiveCfg = Release|Any CPU
		{94D9B7DC-61CA-4EB0-A2E3-C31EAA7884A2}.Release|Any CPU.Build.0 = Release|Any CPU
	EndGlobalSection
	GlobalSection(SolutionProperties) = preSolution
		HideSolutionNode = FALSE
	EndGlobalSection
EndGlobal
