
Microsoft Visual Studio Solution File, Format Version 12.00
# Visual Studio 2012
Project("{2150E333-8FDC-42A3-9474-1A3956D46DE8}") = "Solution Items", "Solution Items", "{105232E3-409F-431F-AFA2-8ECF67BD4DCC}"
	ProjectSection(SolutionItems) = preProject
		TODO.txt = TODO.txt
	EndProjectSection
EndProject
Project("{C8D11400-126E-41CD-887F-60BD40844F9E}") = "Smart3DB", "Smart3DB\Smart3DB.dbproj", "{67CBC824-A49E-4E9B-A947-360F3DFE65C3}"
EndProject
Project("{FAE04EC0-301F-11D3-BF4B-00C04F79EFBC}") = "Smarts3", "Smarts3\Smarts3.csproj", "{7D2887B9-15AF-43A9-9A27-92C84D629457}"
EndProject
Project("{FAE04EC0-301F-11D3-BF4B-00C04F79EFBC}") = "Smarts3Browser", "Smarts3Browser\Smarts3Browser.csproj", "{F2183A0A-2D8E-46A4-B71C-2C15F4388A96}"
EndProject
Project("{FAE04EC0-301F-11D3-BF4B-00C04F79EFBC}") = "Smarts3Admin", "Smarts3Admin\Smarts3Admin.csproj", "{BFE17EEC-B788-40D5-AF43-B377AFE8E733}"
EndProject
Project("{00D1A9C2-B5F0-4AF3-8072-F6C62B433612}") = "SmartDiagramming", "SmartDiagramming\SmartDiagramming.sqlproj", "{D98669D0-AD16-4826-B33A-7D4EB2AB5B08}"
EndProject
Global
	GlobalSection(SolutionConfigurationPlatforms) = preSolution
		Debug|Any CPU = Debug|Any CPU
		MATRIX|Any CPU = MATRIX|Any CPU
		PARTHENON|Any CPU = PARTHENON|Any CPU
		Release|Any CPU = Release|Any CPU
		TRON|Any CPU = TRON|Any CPU
	EndGlobalSection
	GlobalSection(ProjectConfigurationPlatforms) = postSolution
		{67CBC824-A49E-4E9B-A947-360F3DFE65C3}.Debug|Any CPU.ActiveCfg = Debug|Any CPU
		{67CBC824-A49E-4E9B-A947-360F3DFE65C3}.MATRIX|Any CPU.ActiveCfg = MATRIX|Any CPU
		{67CBC824-A49E-4E9B-A947-360F3DFE65C3}.MATRIX|Any CPU.Build.0 = MATRIX|Any CPU
		{67CBC824-A49E-4E9B-A947-360F3DFE65C3}.MATRIX|Any CPU.Deploy.0 = MATRIX|Any CPU
		{67CBC824-A49E-4E9B-A947-360F3DFE65C3}.PARTHENON|Any CPU.ActiveCfg = PARTHENON|Any CPU
		{67CBC824-A49E-4E9B-A947-360F3DFE65C3}.Release|Any CPU.ActiveCfg = Release|Any CPU
		{67CBC824-A49E-4E9B-A947-360F3DFE65C3}.TRON|Any CPU.ActiveCfg = TRON|Any CPU
		{7D2887B9-15AF-43A9-9A27-92C84D629457}.Debug|Any CPU.ActiveCfg = Debug|Any CPU
		{7D2887B9-15AF-43A9-9A27-92C84D629457}.Debug|Any CPU.Build.0 = Debug|Any CPU
		{7D2887B9-15AF-43A9-9A27-92C84D629457}.MATRIX|Any CPU.ActiveCfg = MATRIX|Any CPU
		{7D2887B9-15AF-43A9-9A27-92C84D629457}.MATRIX|Any CPU.Build.0 = MATRIX|Any CPU
		{7D2887B9-15AF-43A9-9A27-92C84D629457}.MATRIX|Any CPU.Deploy.0 = MATRIX|Any CPU
		{7D2887B9-15AF-43A9-9A27-92C84D629457}.PARTHENON|Any CPU.ActiveCfg = PARTHENON|Any CPU
		{7D2887B9-15AF-43A9-9A27-92C84D629457}.PARTHENON|Any CPU.Build.0 = PARTHENON|Any CPU
		{7D2887B9-15AF-43A9-9A27-92C84D629457}.Release|Any CPU.ActiveCfg = Release|Any CPU
		{7D2887B9-15AF-43A9-9A27-92C84D629457}.Release|Any CPU.Build.0 = Release|Any CPU
		{7D2887B9-15AF-43A9-9A27-92C84D629457}.TRON|Any CPU.ActiveCfg = TRON|Any CPU
		{7D2887B9-15AF-43A9-9A27-92C84D629457}.TRON|Any CPU.Build.0 = TRON|Any CPU
		{F2183A0A-2D8E-46A4-B71C-2C15F4388A96}.Debug|Any CPU.ActiveCfg = Debug|Any CPU
		{F2183A0A-2D8E-46A4-B71C-2C15F4388A96}.Debug|Any CPU.Build.0 = Debug|Any CPU
		{F2183A0A-2D8E-46A4-B71C-2C15F4388A96}.MATRIX|Any CPU.ActiveCfg = MATRIX|Any CPU
		{F2183A0A-2D8E-46A4-B71C-2C15F4388A96}.MATRIX|Any CPU.Build.0 = MATRIX|Any CPU
		{F2183A0A-2D8E-46A4-B71C-2C15F4388A96}.MATRIX|Any CPU.Deploy.0 = MATRIX|Any CPU
		{F2183A0A-2D8E-46A4-B71C-2C15F4388A96}.PARTHENON|Any CPU.ActiveCfg = PARTHENON|Any CPU
		{F2183A0A-2D8E-46A4-B71C-2C15F4388A96}.PARTHENON|Any CPU.Build.0 = PARTHENON|Any CPU
		{F2183A0A-2D8E-46A4-B71C-2C15F4388A96}.Release|Any CPU.ActiveCfg = Release|Any CPU
		{F2183A0A-2D8E-46A4-B71C-2C15F4388A96}.Release|Any CPU.Build.0 = Release|Any CPU
		{F2183A0A-2D8E-46A4-B71C-2C15F4388A96}.TRON|Any CPU.ActiveCfg = TRON|Any CPU
		{F2183A0A-2D8E-46A4-B71C-2C15F4388A96}.TRON|Any CPU.Build.0 = TRON|Any CPU
		{BFE17EEC-B788-40D5-AF43-B377AFE8E733}.Debug|Any CPU.ActiveCfg = Debug|Any CPU
		{BFE17EEC-B788-40D5-AF43-B377AFE8E733}.MATRIX|Any CPU.ActiveCfg = MATRIX|Any CPU
		{BFE17EEC-B788-40D5-AF43-B377AFE8E733}.MATRIX|Any CPU.Build.0 = MATRIX|Any CPU
		{BFE17EEC-B788-40D5-AF43-B377AFE8E733}.MATRIX|Any CPU.Deploy.0 = MATRIX|Any CPU
		{BFE17EEC-B788-40D5-AF43-B377AFE8E733}.PARTHENON|Any CPU.ActiveCfg = PARTHENON|Any CPU
		{BFE17EEC-B788-40D5-AF43-B377AFE8E733}.PARTHENON|Any CPU.Build.0 = PARTHENON|Any CPU
		{BFE17EEC-B788-40D5-AF43-B377AFE8E733}.Release|Any CPU.ActiveCfg = Release|Any CPU
		{BFE17EEC-B788-40D5-AF43-B377AFE8E733}.TRON|Any CPU.ActiveCfg = TRON|Any CPU
		{D98669D0-AD16-4826-B33A-7D4EB2AB5B08}.Debug|Any CPU.ActiveCfg = Debug|Any CPU
		{D98669D0-AD16-4826-B33A-7D4EB2AB5B08}.Debug|Any CPU.Build.0 = Debug|Any CPU
		{D98669D0-AD16-4826-B33A-7D4EB2AB5B08}.Debug|Any CPU.Deploy.0 = Debug|Any CPU
		{D98669D0-AD16-4826-B33A-7D4EB2AB5B08}.MATRIX|Any CPU.ActiveCfg = Debug|Any CPU
		{D98669D0-AD16-4826-B33A-7D4EB2AB5B08}.PARTHENON|Any CPU.ActiveCfg = Debug|Any CPU
		{D98669D0-AD16-4826-B33A-7D4EB2AB5B08}.PARTHENON|Any CPU.Build.0 = Debug|Any CPU
		{D98669D0-AD16-4826-B33A-7D4EB2AB5B08}.PARTHENON|Any CPU.Deploy.0 = Debug|Any CPU
		{D98669D0-AD16-4826-B33A-7D4EB2AB5B08}.Release|Any CPU.ActiveCfg = Release|Any CPU
		{D98669D0-AD16-4826-B33A-7D4EB2AB5B08}.Release|Any CPU.Build.0 = Release|Any CPU
		{D98669D0-AD16-4826-B33A-7D4EB2AB5B08}.Release|Any CPU.Deploy.0 = Release|Any CPU
		{D98669D0-AD16-4826-B33A-7D4EB2AB5B08}.TRON|Any CPU.ActiveCfg = Debug|Any CPU
		{D98669D0-AD16-4826-B33A-7D4EB2AB5B08}.TRON|Any CPU.Build.0 = Debug|Any CPU
		{D98669D0-AD16-4826-B33A-7D4EB2AB5B08}.TRON|Any CPU.Deploy.0 = Debug|Any CPU
	EndGlobalSection
	GlobalSection(SolutionProperties) = preSolution
		HideSolutionNode = FALSE
	EndGlobalSection
EndGlobal
